
Microsoft Visual Studio Solution File, Format Version 12.00
# Visual Studio Version 17
VisualStudioVersion = 17.7.34003.232
MinimumVisualStudioVersion = 10.0.40219.1
Project("{FAE04EC0-301F-11D3-BF4B-00C04F79EFBC}") = "WPF.Zero", "WPF.Zero\WPF.Zero.csproj", "{AB9FFF46-6771-48C0-810A-8362CBD56C40}"
EndProject
Project("{D954291E-2A0B-460D-934E-DC6B0785DB48}") = "WPF.Zero.Shared", "WPF.Zero.Shared\WPF.Zero.Shared.shproj", "{564F1BD7-1FC3-41D6-9691-B45873A8E095}"
EndProject
Project("{9A19103F-16F7-4668-BE54-9A1E7A4F7556}") = "WPF.Zero.Shared.Tests", "WPF.Zero.Shared.Tests\WPF.Zero.Shared.Tests.csproj", "{41FF11F3-D910-4CE8-8035-1DA75097BEB4}"
EndProject
Project("{2150E333-8FDC-42A3-9474-1A3956D46DE8}") = "Plugins", "Plugins", "{22D5EEC2-5561-46E7-B6B7-2A162F8360DF}"
EndProject
Project("{FAE04EC0-301F-11D3-BF4B-00C04F79EFBC}") = "WPF.Zero.IView", "WPF.Zero.IView\WPF.Zero.IView.csproj", "{9AFF298A-7B0B-4A17-9C32-F2F38136948A}"
EndProject
Project("{FAE04EC0-301F-11D3-BF4B-00C04F79EFBC}") = "Add", "Add\Add.csproj", "{9B94E786-6D4F-41BC-AFCE-A748686330A6}"
EndProject
Project("{FAE04EC0-301F-11D3-BF4B-00C04F79EFBC}") = "Sub", "Sub\Sub.csproj", "{E68187A8-6320-402B-ADEA-56F16BC3A4B6}"
EndProject
Project("{2150E333-8FDC-42A3-9474-1A3956D46DE8}") = "解决方案项", "解决方案项", "{F9C2F6E6-51D7-4BF0-A394-4FE59A70715E}"
	ProjectSection(SolutionItems) = preProject
		ReadMe.txt = ReadMe.txt
	EndProjectSection
EndProject
Global
	GlobalSection(SolutionConfigurationPlatforms) = preSolution
		Debug|Any CPU = Debug|Any CPU
		Release|Any CPU = Release|Any CPU
	EndGlobalSection
	GlobalSection(ProjectConfigurationPlatforms) = postSolution
		{AB9FFF46-6771-48C0-810A-8362CBD56C40}.Debug|Any CPU.ActiveCfg = Debug|Any CPU
		{AB9FFF46-6771-48C0-810A-8362CBD56C40}.Debug|Any CPU.Build.0 = Debug|Any CPU
		{AB9FFF46-6771-48C0-810A-8362CBD56C40}.Release|Any CPU.ActiveCfg = Release|Any CPU
		{AB9FFF46-6771-48C0-810A-8362CBD56C40}.Release|Any CPU.Build.0 = Release|Any CPU
		{41FF11F3-D910-4CE8-8035-1DA75097BEB4}.Debug|Any CPU.ActiveCfg = Debug|Any CPU
		{41FF11F3-D910-4CE8-8035-1DA75097BEB4}.Debug|Any CPU.Build.0 = Debug|Any CPU
		{41FF11F3-D910-4CE8-8035-1DA75097BEB4}.Release|Any CPU.ActiveCfg = Release|Any CPU
		{41FF11F3-D910-4CE8-8035-1DA75097BEB4}.Release|Any CPU.Build.0 = Release|Any CPU
		{9AFF298A-7B0B-4A17-9C32-F2F38136948A}.Debug|Any CPU.ActiveCfg = Debug|Any CPU
		{9AFF298A-7B0B-4A17-9C32-F2F38136948A}.Debug|Any CPU.Build.0 = Debug|Any CPU
		{9AFF298A-7B0B-4A17-9C32-F2F38136948A}.Release|Any CPU.ActiveCfg = Release|Any CPU
		{9AFF298A-7B0B-4A17-9C32-F2F38136948A}.Release|Any CPU.Build.0 = Release|Any CPU
		{9B94E786-6D4F-41BC-AFCE-A748686330A6}.Debug|Any CPU.ActiveCfg = Debug|Any CPU
		{9B94E786-6D4F-41BC-AFCE-A748686330A6}.Debug|Any CPU.Build.0 = Debug|Any CPU
		{9B94E786-6D4F-41BC-AFCE-A748686330A6}.Release|Any CPU.ActiveCfg = Release|Any CPU
		{9B94E786-6D4F-41BC-AFCE-A748686330A6}.Release|Any CPU.Build.0 = Release|Any CPU
		{E68187A8-6320-402B-ADEA-56F16BC3A4B6}.Debug|Any CPU.ActiveCfg = Debug|Any CPU
		{E68187A8-6320-402B-ADEA-56F16BC3A4B6}.Debug|Any CPU.Build.0 = Debug|Any CPU
		{E68187A8-6320-402B-ADEA-56F16BC3A4B6}.Release|Any CPU.ActiveCfg = Release|Any CPU
		{E68187A8-6320-402B-ADEA-56F16BC3A4B6}.Release|Any CPU.Build.0 = Release|Any CPU
	EndGlobalSection
	GlobalSection(SolutionProperties) = preSolution
		HideSolutionNode = FALSE
	EndGlobalSection
	GlobalSection(NestedProjects) = preSolution
		{9AFF298A-7B0B-4A17-9C32-F2F38136948A} = {22D5EEC2-5561-46E7-B6B7-2A162F8360DF}
		{9B94E786-6D4F-41BC-AFCE-A748686330A6} = {22D5EEC2-5561-46E7-B6B7-2A162F8360DF}
		{E68187A8-6320-402B-ADEA-56F16BC3A4B6} = {22D5EEC2-5561-46E7-B6B7-2A162F8360DF}
	EndGlobalSection
	GlobalSection(ExtensibilityGlobals) = postSolution
		SolutionGuid = {1B814CDE-62DE-4680-A0E4-DFF32A4F620E}
	EndGlobalSection
	GlobalSection(SharedMSBuildProjectFiles) = preSolution
		WPF.Zero.Shared\WPF.Zero.Shared.projitems*{41ff11f3-d910-4ce8-8035-1da75097beb4}*SharedItemsImports = 5
		WPF.Zero.Shared\WPF.Zero.Shared.projitems*{564f1bd7-1fc3-41d6-9691-b45873a8e095}*SharedItemsImports = 13
		WPF.Zero.Shared\WPF.Zero.Shared.projitems*{ab9fff46-6771-48c0-810a-8362cbd56c40}*SharedItemsImports = 4
	EndGlobalSection
EndGlobal
