
Microsoft Visual Studio Solution File, Format Version 12.00
# Visual Studio Version 17
VisualStudioVersion = 17.7.34003.232
MinimumVisualStudioVersion = 10.0.40219.1
Project("{FAE04EC0-301F-11D3-BF4B-00C04F79EFBC}") = "WPF.Zero", "WPF.Zero\WPF.Zero.csproj", "{AB9FFF46-6771-48C0-810A-8362CBD56C40}"
EndProject
Global
	GlobalSection(SolutionConfigurationPlatforms) = preSolution
		Debug|Any CPU = Debug|Any CPU
		Release|Any CPU = Release|Any CPU
	EndGlobalSection
	GlobalSection(ProjectConfigurationPlatforms) = postSolution
		{AB9FFF46-6771-48C0-810A-8362CBD56C40}.Debug|Any CPU.ActiveCfg = Debug|Any CPU
		{AB9FFF46-6771-48C0-810A-8362CBD56C40}.Debug|Any CPU.Build.0 = Debug|Any CPU
		{AB9FFF46-6771-48C0-810A-8362CBD56C40}.Release|Any CPU.ActiveCfg = Release|Any CPU
		{AB9FFF46-6771-48C0-810A-8362CBD56C40}.Release|Any CPU.Build.0 = Release|Any CPU
	EndGlobalSection
	GlobalSection(SolutionProperties) = preSolution
		HideSolutionNode = FALSE
	EndGlobalSection
	GlobalSection(ExtensibilityGlobals) = postSolution
		SolutionGuid = {1B814CDE-62DE-4680-A0E4-DFF32A4F620E}
	EndGlobalSection
EndGlobal
